
Microsoft Visual Studio Solution File, Format Version 12.00
# Visual Studio Version 16
VisualStudioVersion = 16.0.31624.102
MinimumVisualStudioVersion = 10.0.40219.1
Project("{FAE04EC0-301F-11D3-BF4B-00C04F79EFBC}") = "ConsoleApp", "ConsoleApp\ConsoleApp.csproj", "{CE881D52-0622-4AF9-B911-59B7400DA29E}"
EndProject
Project("{FAE04EC0-301F-11D3-BF4B-00C04F79EFBC}") = "Model", "Model\Model.csproj", "{D9E2E2E4-6676-42B0-BE3D-6534E38E12B4}"
EndProject
Project("{FAE04EC0-301F-11D3-BF4B-00C04F79EFBC}") = "Controller", "Controller\Controller.csproj", "{2E77425F-F246-4657-AF35-DBD59795F4C3}"
EndProject
Project("{FAE04EC0-301F-11D3-BF4B-00C04F79EFBC}") = "ControllerTest", "ControllerTest\ControllerTest.csproj", "{815FD3CC-D343-472E-9EB2-493035C9738E}"
EndProject
Global
	GlobalSection(SolutionConfigurationPlatforms) = preSolution
		Debug|Any CPU = Debug|Any CPU
		Release|Any CPU = Release|Any CPU
	EndGlobalSection
	GlobalSection(ProjectConfigurationPlatforms) = postSolution
		{CE881D52-0622-4AF9-B911-59B7400DA29E}.Debug|Any CPU.ActiveCfg = Debug|Any CPU
		{CE881D52-0622-4AF9-B911-59B7400DA29E}.Debug|Any CPU.Build.0 = Debug|Any CPU
		{CE881D52-0622-4AF9-B911-59B7400DA29E}.Release|Any CPU.ActiveCfg = Release|Any CPU
		{CE881D52-0622-4AF9-B911-59B7400DA29E}.Release|Any CPU.Build.0 = Release|Any CPU
		{D9E2E2E4-6676-42B0-BE3D-6534E38E12B4}.Debug|Any CPU.ActiveCfg = Debug|Any CPU
		{D9E2E2E4-6676-42B0-BE3D-6534E38E12B4}.Debug|Any CPU.Build.0 = Debug|Any CPU
		{D9E2E2E4-6676-42B0-BE3D-6534E38E12B4}.Release|Any CPU.ActiveCfg = Release|Any CPU
		{D9E2E2E4-6676-42B0-BE3D-6534E38E12B4}.Release|Any CPU.Build.0 = Release|Any CPU
		{2E77425F-F246-4657-AF35-DBD59795F4C3}.Debug|Any CPU.ActiveCfg = Debug|Any CPU
		{2E77425F-F246-4657-AF35-DBD59795F4C3}.Debug|Any CPU.Build.0 = Debug|Any CPU
		{2E77425F-F246-4657-AF35-DBD59795F4C3}.Release|Any CPU.ActiveCfg = Release|Any CPU
		{2E77425F-F246-4657-AF35-DBD59795F4C3}.Release|Any CPU.Build.0 = Release|Any CPU
		{815FD3CC-D343-472E-9EB2-493035C9738E}.Debug|Any CPU.ActiveCfg = Debug|Any CPU
		{815FD3CC-D343-472E-9EB2-493035C9738E}.Debug|Any CPU.Build.0 = Debug|Any CPU
		{815FD3CC-D343-472E-9EB2-493035C9738E}.Release|Any CPU.ActiveCfg = Release|Any CPU
		{815FD3CC-D343-472E-9EB2-493035C9738E}.Release|Any CPU.Build.0 = Release|Any CPU
	EndGlobalSection
	GlobalSection(SolutionProperties) = preSolution
		HideSolutionNode = FALSE
	EndGlobalSection
	GlobalSection(ExtensibilityGlobals) = postSolution
		SolutionGuid = {8C5A3135-337A-4117-A971-8C9651A7C52B}
	EndGlobalSection
EndGlobal
